
Microsoft Visual Studio Solution File, Format Version 12.00
# Visual Studio Version 17
VisualStudioVersion = 17.9.34723.18
MinimumVisualStudioVersion = 10.0.40219.1
Project("{FAE04EC0-301F-11D3-BF4B-00C04F79EFBC}") = "Functions", "Functions\Functions.csproj", "{DFB97279-6BB5-437F-8180-A2F3339177CE}"
EndProject
Global
	GlobalSection(SolutionConfigurationPlatforms) = preSolution
		Debug|Any CPU = Debug|Any CPU
		Release|Any CPU = Release|Any CPU
	EndGlobalSection
	GlobalSection(ProjectConfigurationPlatforms) = postSolution
		{DFB97279-6BB5-437F-8180-A2F3339177CE}.Debug|Any CPU.ActiveCfg = Debug|Any CPU
		{DFB97279-6BB5-437F-8180-A2F3339177CE}.Debug|Any CPU.Build.0 = Debug|Any CPU
		{DFB97279-6BB5-437F-8180-A2F3339177CE}.Release|Any CPU.ActiveCfg = Release|Any CPU
		{DFB97279-6BB5-437F-8180-A2F3339177CE}.Release|Any CPU.Build.0 = Release|Any CPU
	EndGlobalSection
	GlobalSection(SolutionProperties) = preSolution
		HideSolutionNode = FALSE
	EndGlobalSection
	GlobalSection(ExtensibilityGlobals) = postSolution
		SolutionGuid = {2845E3C2-3232-40FD-9EA5-4E88D83FE6D4}
	EndGlobalSection
EndGlobal
