
Microsoft Visual Studio Solution File, Format Version 12.00
# Visual Studio Version 17
VisualStudioVersion = 17.9.34723.18
MinimumVisualStudioVersion = 10.0.40219.1
Project("{9A19103F-16F7-4668-BE54-9A1E7A4F7556}") = "SingleResponsibility", "SingleResponsibility\SingleResponsibility.csproj", "{A18A92F5-D4C0-4C06-BB21-0481C08A89F7}"
EndProject
Project("{9A19103F-16F7-4668-BE54-9A1E7A4F7556}") = "OpenClosed", "OpenClosed\OpenClosed.csproj", "{6F2ECBFD-EED2-4755-A083-89D2301DECAC}"
EndProject
Project("{FAE04EC0-301F-11D3-BF4B-00C04F79EFBC}") = "LiskovSubstution", "LiskovSubstution\LiskovSubstution.csproj", "{7B824201-9DEB-4A5A-81EB-F4714C30AFDA}"
EndProject
Project("{FAE04EC0-301F-11D3-BF4B-00C04F79EFBC}") = "InterfaceSegregation", "InterfaceSegregation\InterfaceSegregation.csproj", "{F66A29BA-3E3A-4899-9191-764568435D83}"
EndProject
Project("{FAE04EC0-301F-11D3-BF4B-00C04F79EFBC}") = "DependencyInversion", "DependencyInversion\DependencyInversion.csproj", "{5C12E54C-44A8-43FE-A17C-AF210530E931}"
EndProject
Global
	GlobalSection(SolutionConfigurationPlatforms) = preSolution
		Debug|Any CPU = Debug|Any CPU
		Release|Any CPU = Release|Any CPU
	EndGlobalSection
	GlobalSection(ProjectConfigurationPlatforms) = postSolution
		{A18A92F5-D4C0-4C06-BB21-0481C08A89F7}.Debug|Any CPU.ActiveCfg = Debug|Any CPU
		{A18A92F5-D4C0-4C06-BB21-0481C08A89F7}.Debug|Any CPU.Build.0 = Debug|Any CPU
		{A18A92F5-D4C0-4C06-BB21-0481C08A89F7}.Release|Any CPU.ActiveCfg = Release|Any CPU
		{A18A92F5-D4C0-4C06-BB21-0481C08A89F7}.Release|Any CPU.Build.0 = Release|Any CPU
		{6F2ECBFD-EED2-4755-A083-89D2301DECAC}.Debug|Any CPU.ActiveCfg = Debug|Any CPU
		{6F2ECBFD-EED2-4755-A083-89D2301DECAC}.Debug|Any CPU.Build.0 = Debug|Any CPU
		{6F2ECBFD-EED2-4755-A083-89D2301DECAC}.Release|Any CPU.ActiveCfg = Release|Any CPU
		{6F2ECBFD-EED2-4755-A083-89D2301DECAC}.Release|Any CPU.Build.0 = Release|Any CPU
		{7B824201-9DEB-4A5A-81EB-F4714C30AFDA}.Debug|Any CPU.ActiveCfg = Debug|Any CPU
		{7B824201-9DEB-4A5A-81EB-F4714C30AFDA}.Debug|Any CPU.Build.0 = Debug|Any CPU
		{7B824201-9DEB-4A5A-81EB-F4714C30AFDA}.Release|Any CPU.ActiveCfg = Release|Any CPU
		{7B824201-9DEB-4A5A-81EB-F4714C30AFDA}.Release|Any CPU.Build.0 = Release|Any CPU
		{F66A29BA-3E3A-4899-9191-764568435D83}.Debug|Any CPU.ActiveCfg = Debug|Any CPU
		{F66A29BA-3E3A-4899-9191-764568435D83}.Debug|Any CPU.Build.0 = Debug|Any CPU
		{F66A29BA-3E3A-4899-9191-764568435D83}.Release|Any CPU.ActiveCfg = Release|Any CPU
		{F66A29BA-3E3A-4899-9191-764568435D83}.Release|Any CPU.Build.0 = Release|Any CPU
		{5C12E54C-44A8-43FE-A17C-AF210530E931}.Debug|Any CPU.ActiveCfg = Debug|Any CPU
		{5C12E54C-44A8-43FE-A17C-AF210530E931}.Debug|Any CPU.Build.0 = Debug|Any CPU
		{5C12E54C-44A8-43FE-A17C-AF210530E931}.Release|Any CPU.ActiveCfg = Release|Any CPU
		{5C12E54C-44A8-43FE-A17C-AF210530E931}.Release|Any CPU.Build.0 = Release|Any CPU
	EndGlobalSection
	GlobalSection(SolutionProperties) = preSolution
		HideSolutionNode = FALSE
	EndGlobalSection
	GlobalSection(ExtensibilityGlobals) = postSolution
		SolutionGuid = {FF86B3FD-DF8D-476A-93E6-986155446F13}
	EndGlobalSection
EndGlobal
